
Microsoft Visual Studio Solution File, Format Version 12.00
# Visual Studio 15
VisualStudioVersion = 15.0.28307.489
MinimumVisualStudioVersion = 10.0.40219.1
Project("{8BC9CEB8-8B4A-11D0-8D11-00A0C91BC942}") = "glad", "Dependencies\glad\glad.vcxproj", "{DF36892C-B103-4168-93DB-DDE5F78D843E}"
EndProject
Project("{8BC9CEB8-8B4A-11D0-8D11-00A0C91BC942}") = "Image", "Projects\Image\Image.vcxproj", "{BCE3C552-AC8C-42DA-8F15-7EF56C4D1AAF}"
EndProject
Project("{8BC9CEB8-8B4A-11D0-8D11-00A0C91BC942}") = "Input", "Projects\Input\Input.vcxproj", "{D4AD9797-5E90-436C-BC6F-DC951A668D00}"
EndProject
Project("{8BC9CEB8-8B4A-11D0-8D11-00A0C91BC942}") = "Window", "Projects\Window\Window.vcxproj", "{E2FEE4D4-023B-4EFD-8392-32925938486C}"
	ProjectSection(ProjectDependencies) = postProject
		{DF36892C-B103-4168-93DB-DDE5F78D843E} = {DF36892C-B103-4168-93DB-DDE5F78D843E}
	EndProjectSection
EndProject
Project("{8BC9CEB8-8B4A-11D0-8D11-00A0C91BC942}") = "Example", "Example\Example.vcxproj", "{46167FED-569D-4C8B-BA27-D803F767921D}"
	ProjectSection(ProjectDependencies) = postProject
		{D4AD9797-5E90-436C-BC6F-DC951A668D00} = {D4AD9797-5E90-436C-BC6F-DC951A668D00}
		{E2FEE4D4-023B-4EFD-8392-32925938486C} = {E2FEE4D4-023B-4EFD-8392-32925938486C}
	EndProjectSection
EndProject
Project("{2150E333-8FDC-42A3-9474-1A3956D46DE8}") = "Dependencies", "Dependencies", "{47AF79F1-C36F-4E4C-9A72-1861EED36090}"
EndProject
Project("{2150E333-8FDC-42A3-9474-1A3956D46DE8}") = "Examples", "Examples", "{352FA2A4-0BE6-456D-B3D6-CFE4D8C8400E}"
EndProject
Project("{2150E333-8FDC-42A3-9474-1A3956D46DE8}") = "Modules", "Modules", "{7057151B-AE24-4C60-AF49-9B68565BBE4F}"
EndProject
Global
	GlobalSection(SolutionConfigurationPlatforms) = preSolution
		Debug|x64 = Debug|x64
		Debug|x86 = Debug|x86
		Release|x64 = Release|x64
		Release|x86 = Release|x86
	EndGlobalSection
	GlobalSection(ProjectConfigurationPlatforms) = postSolution
		{DF36892C-B103-4168-93DB-DDE5F78D843E}.Debug|x64.ActiveCfg = Debug|x64
		{DF36892C-B103-4168-93DB-DDE5F78D843E}.Debug|x64.Build.0 = Debug|x64
		{DF36892C-B103-4168-93DB-DDE5F78D843E}.Debug|x86.ActiveCfg = Debug|Win32
		{DF36892C-B103-4168-93DB-DDE5F78D843E}.Debug|x86.Build.0 = Debug|Win32
		{DF36892C-B103-4168-93DB-DDE5F78D843E}.Release|x64.ActiveCfg = Release|x64
		{DF36892C-B103-4168-93DB-DDE5F78D843E}.Release|x64.Build.0 = Release|x64
		{DF36892C-B103-4168-93DB-DDE5F78D843E}.Release|x86.ActiveCfg = Release|Win32
		{DF36892C-B103-4168-93DB-DDE5F78D843E}.Release|x86.Build.0 = Release|Win32
		{BCE3C552-AC8C-42DA-8F15-7EF56C4D1AAF}.Debug|x64.ActiveCfg = Debug|x64
		{BCE3C552-AC8C-42DA-8F15-7EF56C4D1AAF}.Debug|x64.Build.0 = Debug|x64
		{BCE3C552-AC8C-42DA-8F15-7EF56C4D1AAF}.Debug|x86.ActiveCfg = Debug|Win32
		{BCE3C552-AC8C-42DA-8F15-7EF56C4D1AAF}.Debug|x86.Build.0 = Debug|Win32
		{BCE3C552-AC8C-42DA-8F15-7EF56C4D1AAF}.Release|x64.ActiveCfg = Release|x64
		{BCE3C552-AC8C-42DA-8F15-7EF56C4D1AAF}.Release|x64.Build.0 = Release|x64
		{BCE3C552-AC8C-42DA-8F15-7EF56C4D1AAF}.Release|x86.ActiveCfg = Release|Win32
		{BCE3C552-AC8C-42DA-8F15-7EF56C4D1AAF}.Release|x86.Build.0 = Release|Win32
		{D4AD9797-5E90-436C-BC6F-DC951A668D00}.Debug|x64.ActiveCfg = Debug|x64
		{D4AD9797-5E90-436C-BC6F-DC951A668D00}.Debug|x64.Build.0 = Debug|x64
		{D4AD9797-5E90-436C-BC6F-DC951A668D00}.Debug|x86.ActiveCfg = Debug|Win32
		{D4AD9797-5E90-436C-BC6F-DC951A668D00}.Debug|x86.Build.0 = Debug|Win32
		{D4AD9797-5E90-436C-BC6F-DC951A668D00}.Release|x64.ActiveCfg = Release|x64
		{D4AD9797-5E90-436C-BC6F-DC951A668D00}.Release|x64.Build.0 = Release|x64
		{D4AD9797-5E90-436C-BC6F-DC951A668D00}.Release|x86.ActiveCfg = Release|Win32
		{D4AD9797-5E90-436C-BC6F-DC951A668D00}.Release|x86.Build.0 = Release|Win32
		{E2FEE4D4-023B-4EFD-8392-32925938486C}.Debug|x64.ActiveCfg = Debug|x64
		{E2FEE4D4-023B-4EFD-8392-32925938486C}.Debug|x64.Build.0 = Debug|x64
		{E2FEE4D4-023B-4EFD-8392-32925938486C}.Debug|x86.ActiveCfg = Debug|Win32
		{E2FEE4D4-023B-4EFD-8392-32925938486C}.Debug|x86.Build.0 = Debug|Win32
		{E2FEE4D4-023B-4EFD-8392-32925938486C}.Release|x64.ActiveCfg = Release|x64
		{E2FEE4D4-023B-4EFD-8392-32925938486C}.Release|x64.Build.0 = Release|x64
		{E2FEE4D4-023B-4EFD-8392-32925938486C}.Release|x86.ActiveCfg = Release|Win32
		{E2FEE4D4-023B-4EFD-8392-32925938486C}.Release|x86.Build.0 = Release|Win32
		{46167FED-569D-4C8B-BA27-D803F767921D}.Debug|x64.ActiveCfg = Debug|x64
		{46167FED-569D-4C8B-BA27-D803F767921D}.Debug|x64.Build.0 = Debug|x64
		{46167FED-569D-4C8B-BA27-D803F767921D}.Debug|x86.ActiveCfg = Debug|Win32
		{46167FED-569D-4C8B-BA27-D803F767921D}.Debug|x86.Build.0 = Debug|Win32
		{46167FED-569D-4C8B-BA27-D803F767921D}.Release|x64.ActiveCfg = Release|x64
		{46167FED-569D-4C8B-BA27-D803F767921D}.Release|x64.Build.0 = Release|x64
		{46167FED-569D-4C8B-BA27-D803F767921D}.Release|x86.ActiveCfg = Release|Win32
		{46167FED-569D-4C8B-BA27-D803F767921D}.Release|x86.Build.0 = Release|Win32
	EndGlobalSection
	GlobalSection(SolutionProperties) = preSolution
		HideSolutionNode = FALSE
	EndGlobalSection
	GlobalSection(NestedProjects) = preSolution
		{DF36892C-B103-4168-93DB-DDE5F78D843E} = {47AF79F1-C36F-4E4C-9A72-1861EED36090}
		{BCE3C552-AC8C-42DA-8F15-7EF56C4D1AAF} = {7057151B-AE24-4C60-AF49-9B68565BBE4F}
		{D4AD9797-5E90-436C-BC6F-DC951A668D00} = {7057151B-AE24-4C60-AF49-9B68565BBE4F}
		{E2FEE4D4-023B-4EFD-8392-32925938486C} = {7057151B-AE24-4C60-AF49-9B68565BBE4F}
		{46167FED-569D-4C8B-BA27-D803F767921D} = {352FA2A4-0BE6-456D-B3D6-CFE4D8C8400E}
	EndGlobalSection
	GlobalSection(ExtensibilityGlobals) = postSolution
		SolutionGuid = {CA2F1C6F-B9D8-4113-91C2-97466347ACAA}
	EndGlobalSection
EndGlobal
